<Solution>
  <Folder Name="/Additional items/">
    <File Path=".editorconfig" />
    <File Path=".gitattributes" />
    <File Path=".gitignore" />
    <File Path="Directory.Build.props" />
    <File Path="Directory.Build.targets" />
    <File Path="global.json" />
    <File Path="LICENSE.txt" />
    <File Path="NuGet.config" />
    <File Path="README.md" />
  </Folder>
  <Project Path="src/AppBlock/AppBlock.csproj" />
</Solution>
